
Microsoft Visual Studio Solution File, Format Version 12.00
# Visual Studio 15
VisualStudioVersion = 15.0.26124.0
MinimumVisualStudioVersion = 15.0.26124.0
Project("{FAE04EC0-301F-11D3-BF4B-00C04F79EFBC}") = "Misfit.Web", "Misfit.Web\Misfit.Web.csproj", "{0D68273C-8E5C-47CA-AF10-8D0122019F0C}"
EndProject
Project("{FAE04EC0-301F-11D3-BF4B-00C04F79EFBC}") = "Misfit.Model", "Misfit.Model\Misfit.Model.csproj", "{80B79389-A533-4DB4-8CEA-953E96818B07}"
EndProject
Project("{FAE04EC0-301F-11D3-BF4B-00C04F79EFBC}") = "Misfit.Manager", "Misfit.Manager\Misfit.Manager.csproj", "{CB73ED56-6B91-43CD-B28B-0D78492E1088}"
EndProject
Project("{FAE04EC0-301F-11D3-BF4B-00C04F79EFBC}") = "Misfit.Data", "Misfit.Data\Misfit.Data.csproj", "{8E519881-F89D-46FB-AB8B-D67CCEC2E9A3}"
EndProject
Project("{FAE04EC0-301F-11D3-BF4B-00C04F79EFBC}") = "Misfit.Test", "Misfit.Test\Misfit.Test.csproj", "{16177CC9-AC58-4777-90C5-00A1D122B30E}"
EndProject
Global
	GlobalSection(SolutionConfigurationPlatforms) = preSolution
		Debug|Any CPU = Debug|Any CPU
		Debug|x64 = Debug|x64
		Debug|x86 = Debug|x86
		Release|Any CPU = Release|Any CPU
		Release|x64 = Release|x64
		Release|x86 = Release|x86
	EndGlobalSection
	GlobalSection(SolutionProperties) = preSolution
		HideSolutionNode = FALSE
	EndGlobalSection
	GlobalSection(ProjectConfigurationPlatforms) = postSolution
		{0D68273C-8E5C-47CA-AF10-8D0122019F0C}.Debug|Any CPU.ActiveCfg = Debug|Any CPU
		{0D68273C-8E5C-47CA-AF10-8D0122019F0C}.Debug|Any CPU.Build.0 = Debug|Any CPU
		{0D68273C-8E5C-47CA-AF10-8D0122019F0C}.Debug|x64.ActiveCfg = Debug|Any CPU
		{0D68273C-8E5C-47CA-AF10-8D0122019F0C}.Debug|x64.Build.0 = Debug|Any CPU
		{0D68273C-8E5C-47CA-AF10-8D0122019F0C}.Debug|x86.ActiveCfg = Debug|Any CPU
		{0D68273C-8E5C-47CA-AF10-8D0122019F0C}.Debug|x86.Build.0 = Debug|Any CPU
		{0D68273C-8E5C-47CA-AF10-8D0122019F0C}.Release|Any CPU.ActiveCfg = Release|Any CPU
		{0D68273C-8E5C-47CA-AF10-8D0122019F0C}.Release|Any CPU.Build.0 = Release|Any CPU
		{0D68273C-8E5C-47CA-AF10-8D0122019F0C}.Release|x64.ActiveCfg = Release|Any CPU
		{0D68273C-8E5C-47CA-AF10-8D0122019F0C}.Release|x64.Build.0 = Release|Any CPU
		{0D68273C-8E5C-47CA-AF10-8D0122019F0C}.Release|x86.ActiveCfg = Release|Any CPU
		{0D68273C-8E5C-47CA-AF10-8D0122019F0C}.Release|x86.Build.0 = Release|Any CPU
		{80B79389-A533-4DB4-8CEA-953E96818B07}.Debug|Any CPU.ActiveCfg = Debug|Any CPU
		{80B79389-A533-4DB4-8CEA-953E96818B07}.Debug|Any CPU.Build.0 = Debug|Any CPU
		{80B79389-A533-4DB4-8CEA-953E96818B07}.Debug|x64.ActiveCfg = Debug|Any CPU
		{80B79389-A533-4DB4-8CEA-953E96818B07}.Debug|x64.Build.0 = Debug|Any CPU
		{80B79389-A533-4DB4-8CEA-953E96818B07}.Debug|x86.ActiveCfg = Debug|Any CPU
		{80B79389-A533-4DB4-8CEA-953E96818B07}.Debug|x86.Build.0 = Debug|Any CPU
		{80B79389-A533-4DB4-8CEA-953E96818B07}.Release|Any CPU.ActiveCfg = Release|Any CPU
		{80B79389-A533-4DB4-8CEA-953E96818B07}.Release|Any CPU.Build.0 = Release|Any CPU
		{80B79389-A533-4DB4-8CEA-953E96818B07}.Release|x64.ActiveCfg = Release|Any CPU
		{80B79389-A533-4DB4-8CEA-953E96818B07}.Release|x64.Build.0 = Release|Any CPU
		{80B79389-A533-4DB4-8CEA-953E96818B07}.Release|x86.ActiveCfg = Release|Any CPU
		{80B79389-A533-4DB4-8CEA-953E96818B07}.Release|x86.Build.0 = Release|Any CPU
		{CB73ED56-6B91-43CD-B28B-0D78492E1088}.Debug|Any CPU.ActiveCfg = Debug|Any CPU
		{CB73ED56-6B91-43CD-B28B-0D78492E1088}.Debug|Any CPU.Build.0 = Debug|Any CPU
		{CB73ED56-6B91-43CD-B28B-0D78492E1088}.Debug|x64.ActiveCfg = Debug|Any CPU
		{CB73ED56-6B91-43CD-B28B-0D78492E1088}.Debug|x64.Build.0 = Debug|Any CPU
		{CB73ED56-6B91-43CD-B28B-0D78492E1088}.Debug|x86.ActiveCfg = Debug|Any CPU
		{CB73ED56-6B91-43CD-B28B-0D78492E1088}.Debug|x86.Build.0 = Debug|Any CPU
		{CB73ED56-6B91-43CD-B28B-0D78492E1088}.Release|Any CPU.ActiveCfg = Release|Any CPU
		{CB73ED56-6B91-43CD-B28B-0D78492E1088}.Release|Any CPU.Build.0 = Release|Any CPU
		{CB73ED56-6B91-43CD-B28B-0D78492E1088}.Release|x64.ActiveCfg = Release|Any CPU
		{CB73ED56-6B91-43CD-B28B-0D78492E1088}.Release|x64.Build.0 = Release|Any CPU
		{CB73ED56-6B91-43CD-B28B-0D78492E1088}.Release|x86.ActiveCfg = Release|Any CPU
		{CB73ED56-6B91-43CD-B28B-0D78492E1088}.Release|x86.Build.0 = Release|Any CPU
		{8E519881-F89D-46FB-AB8B-D67CCEC2E9A3}.Debug|Any CPU.ActiveCfg = Debug|Any CPU
		{8E519881-F89D-46FB-AB8B-D67CCEC2E9A3}.Debug|Any CPU.Build.0 = Debug|Any CPU
		{8E519881-F89D-46FB-AB8B-D67CCEC2E9A3}.Debug|x64.ActiveCfg = Debug|Any CPU
		{8E519881-F89D-46FB-AB8B-D67CCEC2E9A3}.Debug|x64.Build.0 = Debug|Any CPU
		{8E519881-F89D-46FB-AB8B-D67CCEC2E9A3}.Debug|x86.ActiveCfg = Debug|Any CPU
		{8E519881-F89D-46FB-AB8B-D67CCEC2E9A3}.Debug|x86.Build.0 = Debug|Any CPU
		{8E519881-F89D-46FB-AB8B-D67CCEC2E9A3}.Release|Any CPU.ActiveCfg = Release|Any CPU
		{8E519881-F89D-46FB-AB8B-D67CCEC2E9A3}.Release|Any CPU.Build.0 = Release|Any CPU
		{8E519881-F89D-46FB-AB8B-D67CCEC2E9A3}.Release|x64.ActiveCfg = Release|Any CPU
		{8E519881-F89D-46FB-AB8B-D67CCEC2E9A3}.Release|x64.Build.0 = Release|Any CPU
		{8E519881-F89D-46FB-AB8B-D67CCEC2E9A3}.Release|x86.ActiveCfg = Release|Any CPU
		{8E519881-F89D-46FB-AB8B-D67CCEC2E9A3}.Release|x86.Build.0 = Release|Any CPU
		{16177CC9-AC58-4777-90C5-00A1D122B30E}.Debug|Any CPU.ActiveCfg = Debug|Any CPU
		{16177CC9-AC58-4777-90C5-00A1D122B30E}.Debug|Any CPU.Build.0 = Debug|Any CPU
		{16177CC9-AC58-4777-90C5-00A1D122B30E}.Debug|x64.ActiveCfg = Debug|Any CPU
		{16177CC9-AC58-4777-90C5-00A1D122B30E}.Debug|x64.Build.0 = Debug|Any CPU
		{16177CC9-AC58-4777-90C5-00A1D122B30E}.Debug|x86.ActiveCfg = Debug|Any CPU
		{16177CC9-AC58-4777-90C5-00A1D122B30E}.Debug|x86.Build.0 = Debug|Any CPU
		{16177CC9-AC58-4777-90C5-00A1D122B30E}.Release|Any CPU.ActiveCfg = Release|Any CPU
		{16177CC9-AC58-4777-90C5-00A1D122B30E}.Release|Any CPU.Build.0 = Release|Any CPU
		{16177CC9-AC58-4777-90C5-00A1D122B30E}.Release|x64.ActiveCfg = Release|Any CPU
		{16177CC9-AC58-4777-90C5-00A1D122B30E}.Release|x64.Build.0 = Release|Any CPU
		{16177CC9-AC58-4777-90C5-00A1D122B30E}.Release|x86.ActiveCfg = Release|Any CPU
		{16177CC9-AC58-4777-90C5-00A1D122B30E}.Release|x86.Build.0 = Release|Any CPU
	EndGlobalSection
EndGlobal
